
Microsoft Visual Studio Solution File, Format Version 12.00
# Visual Studio Version 16
VisualStudioVersion = 16.0.29721.120
MinimumVisualStudioVersion = 10.0.40219.1
Project("{9A19103F-16F7-4668-BE54-9A1E7A4F7556}") = "Sigma.Roadie.Domain", "Sigma.Roadie.Domain\Sigma.Roadie.Domain.csproj", "{E3BCED3A-8D57-442A-AE6F-A5587662A461}"
EndProject
Project("{9A19103F-16F7-4668-BE54-9A1E7A4F7556}") = "Sigma.Roadie.Server", "Sigma.Roadie.Server\Sigma.Roadie.Server.csproj", "{42AE8A03-2691-4C27-B95D-D391D1ABE4B1}"
EndProject
Project("{2150E333-8FDC-42A3-9474-1A3956D46DE8}") = "Solution Items", "Solution Items", "{29509804-64A4-4666-A49F-EE7B46842B69}"
	ProjectSection(SolutionItems) = preProject
		ScaffoldDomain.ps1 = ScaffoldDomain.ps1
	EndProjectSection
EndProject
Project("{9A19103F-16F7-4668-BE54-9A1E7A4F7556}") = "Sigma.Roadie.MediaPlayerClient", "Sigma.Roadie.MediaPlayerClient\Sigma.Roadie.MediaPlayerClient.csproj", "{82EE0E16-7876-4363-B12E-400600398EDF}"
EndProject
Global
	GlobalSection(SolutionConfigurationPlatforms) = preSolution
		Debug|Any CPU = Debug|Any CPU
		Release|Any CPU = Release|Any CPU
	EndGlobalSection
	GlobalSection(ProjectConfigurationPlatforms) = postSolution
		{E3BCED3A-8D57-442A-AE6F-A5587662A461}.Debug|Any CPU.ActiveCfg = Debug|Any CPU
		{E3BCED3A-8D57-442A-AE6F-A5587662A461}.Debug|Any CPU.Build.0 = Debug|Any CPU
		{E3BCED3A-8D57-442A-AE6F-A5587662A461}.Release|Any CPU.ActiveCfg = Release|Any CPU
		{E3BCED3A-8D57-442A-AE6F-A5587662A461}.Release|Any CPU.Build.0 = Release|Any CPU
		{42AE8A03-2691-4C27-B95D-D391D1ABE4B1}.Debug|Any CPU.ActiveCfg = Debug|Any CPU
		{42AE8A03-2691-4C27-B95D-D391D1ABE4B1}.Debug|Any CPU.Build.0 = Debug|Any CPU
		{42AE8A03-2691-4C27-B95D-D391D1ABE4B1}.Release|Any CPU.ActiveCfg = Release|Any CPU
		{42AE8A03-2691-4C27-B95D-D391D1ABE4B1}.Release|Any CPU.Build.0 = Release|Any CPU
		{82EE0E16-7876-4363-B12E-400600398EDF}.Debug|Any CPU.ActiveCfg = Debug|Any CPU
		{82EE0E16-7876-4363-B12E-400600398EDF}.Debug|Any CPU.Build.0 = Debug|Any CPU
		{82EE0E16-7876-4363-B12E-400600398EDF}.Release|Any CPU.ActiveCfg = Release|Any CPU
		{82EE0E16-7876-4363-B12E-400600398EDF}.Release|Any CPU.Build.0 = Release|Any CPU
	EndGlobalSection
	GlobalSection(SolutionProperties) = preSolution
		HideSolutionNode = FALSE
	EndGlobalSection
	GlobalSection(ExtensibilityGlobals) = postSolution
		SolutionGuid = {6D13CE9B-8764-4C0C-AE4F-29C48CFAA1BD}
	EndGlobalSection
EndGlobal
